// !$*UTF8*$!
{
	archiveVersion = 1;
	classes = {
	};
	objectVersion = 55;
	objects = {

/* Begin PBXBuildFile section */
		EE00AA7D28415D57001D8108 /* MemoryGame.swift in Sources */ = {isa = PBXBuildFile; fileRef = EE00AA7C28415D57001D8108 /* MemoryGame.swift */; };
		EE00AA8028415EDD001D8108 /* EmojiMemoryGame.swift in Sources */ = {isa = PBXBuildFile; fileRef = EE00AA7F28415EDD001D8108 /* EmojiMemoryGame.swift */; };
		EE6F07A3284394A2009EBAB5 /* AspectVGrid.swift in Sources */ = {isa = PBXBuildFile; fileRef = EE6F07A2284394A2009EBAB5 /* AspectVGrid.swift */; };
		EE6F07A52843F06D009EBAB5 /* Pie.swift in Sources */ = {isa = PBXBuildFile; fileRef = EE6F07A42843F06D009EBAB5 /* Pie.swift */; };
		EECAB2C12840DE7500BD5764 /* memorizeApp.swift in Sources */ = {isa = PBXBuildFile; fileRef = EECAB2C02840DE7500BD5764 /* memorizeApp.swift */; };
		EECAB2C32840DE7500BD5764 /* EmojiMemoryGameView.swift in Sources */ = {isa = PBXBuildFile; fileRef = EECAB2C22840DE7500BD5764 /* EmojiMemoryGameView.swift */; };
		EECAB2C52840DE7600BD5764 /* Assets.xcassets in Resources */ = {isa = PBXBuildFile; fileRef = EECAB2C42840DE7600BD5764 /* Assets.xcassets */; };
		EECAB2C82840DE7600BD5764 /* Preview Assets.xcassets in Resources */ = {isa = PBXBuildFile; fileRef = EECAB2C72840DE7600BD5764 /* Preview Assets.xcassets */; };
		EECAB2D02840E38E00BD5764 /* CardView.swift in Sources */ = {isa = PBXBuildFile; fileRef = EECAB2CF2840E38E00BD5764 /* CardView.swift */; };
/* End PBXBuildFile section */

/* Begin PBXFileReference section */
		EE00AA7C28415D57001D8108 /* MemoryGame.swift */ = {isa = PBXFileReference; lastKnownFileType = sourcecode.swift; path = MemoryGame.swift; sourceTree = "<group>"; };
		EE00AA7F28415EDD001D8108 /* EmojiMemoryGame.swift */ = {isa = PBXFileReference; lastKnownFileType = sourcecode.swift; path = EmojiMemoryGame.swift; sourceTree = "<group>"; };
		EE6F07A2284394A2009EBAB5 /* AspectVGrid.swift */ = {isa = PBXFileReference; lastKnownFileType = sourcecode.swift; path = AspectVGrid.swift; sourceTree = "<group>"; };
		EE6F07A42843F06D009EBAB5 /* Pie.swift */ = {isa = PBXFileReference; lastKnownFileType = sourcecode.swift; path = Pie.swift; sourceTree = "<group>"; };
		EECAB2BD2840DE7500BD5764 /* memorize.app */ = {isa = PBXFileReference; explicitFileType = wrapper.application; includeInIndex = 0; path = memorize.app; sourceTree = BUILT_PRODUCTS_DIR; };
		EECAB2C02840DE7500BD5764 /* memorizeApp.swift */ = {isa = PBXFileReference; lastKnownFileType = sourcecode.swift; path = memorizeApp.swift; sourceTree = "<group>"; };
		EECAB2C22840DE7500BD5764 /* EmojiMemoryGameView.swift */ = {isa = PBXFileReference; lastKnownFileType = sourcecode.swift; path = EmojiMemoryGameView.swift; sourceTree = "<group>"; };
		EECAB2C42840DE7600BD5764 /* Assets.xcassets */ = {isa = PBXFileReference; lastKnownFileType = folder.assetcatalog; path = Assets.xcassets; sourceTree = "<group>"; };
		EECAB2C72840DE7600BD5764 /* Preview Assets.xcassets */ = {isa = PBXFileReference; lastKnownFileType = folder.assetcatalog; path = "Preview Assets.xcassets"; sourceTree = "<group>"; };
		EECAB2CF2840E38E00BD5764 /* CardView.swift */ = {isa = PBXFileReference; lastKnownFileType = sourcecode.swift; path = CardView.swift; sourceTree = "<group>"; };
/* End PBXFileReference section */

/* Begin PBXFrameworksBuildPhase section */
		EECAB2BA2840DE7500BD5764 /* Frameworks */ = {
			isa = PBXFrameworksBuildPhase;
			buildActionMask = 2147483647;
			files = (
			);
			runOnlyForDeploymentPostprocessing = 0;
		};
/* End PBXFrameworksBuildPhase section */

/* Begin PBXGroup section */
		EE00AA7B28415D3B001D8108 /* Model */ = {
			isa = PBXGroup;
			children = (
				EE00AA7C28415D57001D8108 /* MemoryGame.swift */,
			);
			path = Model;
			sourceTree = "<group>";
		};
		EE00AA7E28415EBA001D8108 /* ViewModel */ = {
			isa = PBXGroup;
			children = (
				EE00AA7F28415EDD001D8108 /* EmojiMemoryGame.swift */,
			);
			path = ViewModel;
			sourceTree = "<group>";
		};
		EECAB2B42840DE7500BD5764 = {
			isa = PBXGroup;
			children = (
				EECAB2BF2840DE7500BD5764 /* memorize */,
				EECAB2BE2840DE7500BD5764 /* Products */,
			);
			sourceTree = "<group>";
		};
		EECAB2BE2840DE7500BD5764 /* Products */ = {
			isa = PBXGroup;
			children = (
				EECAB2BD2840DE7500BD5764 /* memorize.app */,
			);
			name = Products;
			sourceTree = "<group>";
		};
		EECAB2BF2840DE7500BD5764 /* memorize */ = {
			isa = PBXGroup;
			children = (
				EE00AA7E28415EBA001D8108 /* ViewModel */,
				EE00AA7B28415D3B001D8108 /* Model */,
				EECAB2CE2840E37B00BD5764 /* Views */,
				EECAB2C02840DE7500BD5764 /* memorizeApp.swift */,
				EECAB2C42840DE7600BD5764 /* Assets.xcassets */,
				EECAB2C62840DE7600BD5764 /* Preview Content */,
			);
			path = memorize;
			sourceTree = "<group>";
		};
		EECAB2C62840DE7600BD5764 /* Preview Content */ = {
			isa = PBXGroup;
			children = (
				EECAB2C72840DE7600BD5764 /* Preview Assets.xcassets */,
			);
			path = "Preview Content";
			sourceTree = "<group>";
		};
		EECAB2CE2840E37B00BD5764 /* Views */ = {
			isa = PBXGroup;
			children = (
				EECAB2C22840DE7500BD5764 /* EmojiMemoryGameView.swift */,
				EECAB2CF2840E38E00BD5764 /* CardView.swift */,
				EE6F07A2284394A2009EBAB5 /* AspectVGrid.swift */,
				EE6F07A42843F06D009EBAB5 /* Pie.swift */,
			);
			path = Views;
			sourceTree = "<group>";
		};
/* End PBXGroup section */

/* Begin PBXNativeTarget section */
		EECAB2BC2840DE7500BD5764 /* memorize */ = {
			isa = PBXNativeTarget;
			buildConfigurationList = EECAB2CB2840DE7600BD5764 /* Build configuration list for PBXNativeTarget "memorize" */;
			buildPhases = (
				EECAB2B92840DE7500BD5764 /* Sources */,
				EECAB2BA2840DE7500BD5764 /* Frameworks */,
				EECAB2BB2840DE7500BD5764 /* Resources */,
			);
			buildRules = (
			);
			dependencies = (
			);
			name = memorize;
			productName = memorize;
			productReference = EECAB2BD2840DE7500BD5764 /* memorize.app */;
			productType = "com.apple.product-type.application";
		};
/* End PBXNativeTarget section */

/* Begin PBXProject section */
		EECAB2B52840DE7500BD5764 /* Project object */ = {
			isa = PBXProject;
			attributes = {
				BuildIndependentTargetsInParallel = 1;
				LastSwiftUpdateCheck = 1330;
				LastUpgradeCheck = 1330;
				TargetAttributes = {
					EECAB2BC2840DE7500BD5764 = {
						CreatedOnToolsVersion = 13.3.1;
					};
				};
			};
			buildConfigurationList = EECAB2B82840DE7500BD5764 /* Build configuration list for PBXProject "memorize" */;
			compatibilityVersion = "Xcode 13.0";
			developmentRegion = en;
			hasScannedForEncodings = 0;
			knownRegions = (
				en,
				Base,
			);
			mainGroup = EECAB2B42840DE7500BD5764;
			productRefGroup = EECAB2BE2840DE7500BD5764 /* Products */;
			projectDirPath = "";
			projectRoot = "";
			targets = (
				EECAB2BC2840DE7500BD5764 /* memorize */,
			);
		};
/* End PBXProject section */

/* Begin PBXResourcesBuildPhase section */
		EECAB2BB2840DE7500BD5764 /* Resources */ = {
			isa = PBXResourcesBuildPhase;
			buildActionMask = 2147483647;
			files = (
				EECAB2C82840DE7600BD5764 /* Preview Assets.xcassets in Resources */,
				EECAB2C52840DE7600BD5764 /* Assets.xcassets in Resources */,
			);
			runOnlyForDeploymentPostprocessing = 0;
		};
/* End PBXResourcesBuildPhase section */

/* Begin PBXSourcesBuildPhase section */
		EECAB2B92840DE7500BD5764 /* Sources */ = {
			isa = PBXSourcesBuildPhase;
			buildActionMask = 2147483647;
			files = (
				EECAB2C32840DE7500BD5764 /* EmojiMemoryGameView.swift in Sources */,
				EECAB2D02840E38E00BD5764 /* CardView.swift in Sources */,
				EE6F07A3284394A2009EBAB5 /* AspectVGrid.swift in Sources */,
				EE00AA7D28415D57001D8108 /* MemoryGame.swift in Sources */,
				EE6F07A52843F06D009EBAB5 /* Pie.swift in Sources */,
				EECAB2C12840DE7500BD5764 /* memorizeApp.swift in Sources */,
				EE00AA8028415EDD001D8108 /* EmojiMemoryGame.swift in Sources */,
			);
			runOnlyForDeploymentPostprocessing = 0;
		};
/* End PBXSourcesBuildPhase section */

/* Begin XCBuildConfiguration section */
		EECAB2C92840DE7600BD5764 /* Debug */ = {
			isa = XCBuildConfiguration;
			buildSettings = {
				ALWAYS_SEARCH_USER_PATHS = NO;
				CLANG_ANALYZER_NONNULL = YES;
				CLANG_ANALYZER_NUMBER_OBJECT_CONVERSION = YES_AGGRESSIVE;
				CLANG_CXX_LANGUAGE_STANDARD = "gnu++17";
				CLANG_ENABLE_MODULES = YES;
				CLANG_ENABLE_OBJC_ARC = YES;
				CLANG_ENABLE_OBJC_WEAK = YES;
				CLANG_WARN_BLOCK_CAPTURE_AUTORELEASING = YES;
				CLANG_WARN_BOOL_CONVERSION = YES;
				CLANG_WARN_COMMA = YES;
				CLANG_WARN_CONSTANT_CONVERSION = YES;
				CLANG_WARN_DEPRECATED_OBJC_IMPLEMENTATIONS = YES;
				CLANG_WARN_DIRECT_OBJC_ISA_USAGE = YES_ERROR;
				CLANG_WARN_DOCUMENTATION_COMMENTS = YES;
				CLANG_WARN_EMPTY_BODY = YES;
				CLANG_WARN_ENUM_CONVERSION = YES;
				CLANG_WARN_INFINITE_RECURSION = YES;
				CLANG_WARN_INT_CONVERSION = YES;
				CLANG_WARN_NON_LITERAL_NULL_CONVERSION = YES;
				CLANG_WARN_OBJC_IMPLICIT_RETAIN_SELF = YES;
				CLANG_WARN_OBJC_LITERAL_CONVERSION = YES;
				CLANG_WARN_OBJC_ROOT_CLASS = YES_ERROR;
				CLANG_WARN_QUOTED_INCLUDE_IN_FRAMEWORK_HEADER = YES;
				CLANG_WARN_RANGE_LOOP_ANALYSIS = YES;
				CLANG_WARN_STRICT_PROTOTYPES = YES;
				CLANG_WARN_SUSPICIOUS_MOVE = YES;
				CLANG_WARN_UNGUARDED_AVAILABILITY = YES_AGGRESSIVE;
				CLANG_WARN_UNREACHABLE_CODE = YES;
				CLANG_WARN__DUPLICATE_METHOD_MATCH = YES;
				COPY_PHASE_STRIP = NO;
				DEBUG_INFORMATION_FORMAT = dwarf;
				ENABLE_STRICT_OBJC_MSGSEND = YES;
				ENABLE_TESTABILITY = YES;
				GCC_C_LANGUAGE_STANDARD = gnu11;
				GCC_DYNAMIC_NO_PIC = NO;
				GCC_NO_COMMON_BLOCKS = YES;
				GCC_OPTIMIZATION_LEVEL = 0;
				GCC_PREPROCESSOR_DEFINITIONS = (
					"DEBUG=1",
					"$(inherited)",
				);
				GCC_WARN_64_TO_32_BIT_CONVERSION = YES;
				GCC_WARN_ABOUT_RETURN_TYPE = YES_ERROR;
				GCC_WARN_UNDECLARED_SELECTOR = YES;
				GCC_WARN_UNINITIALIZED_AUTOS = YES_AGGRESSIVE;
				GCC_WARN_UNUSED_FUNCTION = YES;
				GCC_WARN_UNUSED_VARIABLE = YES;
				IPHONEOS_DEPLOYMENT_TARGET = 15.4;
				MTL_ENABLE_DEBUG_INFO = INCLUDE_SOURCE;
				MTL_FAST_MATH = YES;
				ONLY_ACTIVE_ARCH = YES;
				SDKROOT = iphoneos;
				SWIFT_ACTIVE_COMPILATION_CONDITIONS = DEBUG;
				SWIFT_OPTIMIZATION_LEVEL = "-Onone";
			};
			name = Debug;
		};
		EECAB2CA2840DE7600BD5764 /* Release */ = {
			isa = XCBuildConfiguration;
			buildSettings = {
				ALWAYS_SEARCH_USER_PATHS = NO;
				CLANG_ANALYZER_NONNULL = YES;
				CLANG_ANALYZER_NUMBER_OBJECT_CONVERSION = YES_AGGRESSIVE;
				CLANG_CXX_LANGUAGE_STANDARD = "gnu++17";
				CLANG_ENABLE_MODULES = YES;
				CLANG_ENABLE_OBJC_ARC = YES;
				CLANG_ENABLE_OBJC_WEAK = YES;
				CLANG_WARN_BLOCK_CAPTURE_AUTORELEASING = YES;
				CLANG_WARN_BOOL_CONVERSION = YES;
				CLANG_WARN_COMMA = YES;
				CLANG_WARN_CONSTANT_CONVERSION = YES;
				CLANG_WARN_DEPRECATED_OBJC_IMPLEMENTATIONS = YES;
				CLANG_WARN_DIRECT_OBJC_ISA_USAGE = YES_ERROR;
				CLANG_WARN_DOCUMENTATION_COMMENTS = YES;
				CLANG_WARN_EMPTY_BODY = YES;
				CLANG_WARN_ENUM_CONVERSION = YES;
				CLANG_WARN_INFINITE_RECURSION = YES;
				CLANG_WARN_INT_CONVERSION = YES;
				CLANG_WARN_NON_LITERAL_NULL_CONVERSION = YES;
				CLANG_WARN_OBJC_IMPLICIT_RETAIN_SELF = YES;
				CLANG_WARN_OBJC_LITERAL_CONVERSION = YES;
				CLANG_WARN_OBJC_ROOT_CLASS = YES_ERROR;
				CLANG_WARN_QUOTED_INCLUDE_IN_FRAMEWORK_HEADER = YES;
				CLANG_WARN_RANGE_LOOP_ANALYSIS = YES;
				CLANG_WARN_STRICT_PROTOTYPES = YES;
				CLANG_WARN_SUSPICIOUS_MOVE = YES;
				CLANG_WARN_UNGUARDED_AVAILABILITY = YES_AGGRESSIVE;
				CLANG_WARN_UNREACHABLE_CODE = YES;
				CLANG_WARN__DUPLICATE_METHOD_MATCH = YES;
				COPY_PHASE_STRIP = NO;
				DEBUG_INFORMATION_FORMAT = "dwarf-with-dsym";
				ENABLE_NS_ASSERTIONS = NO;
				ENABLE_STRICT_OBJC_MSGSEND = YES;
				GCC_C_LANGUAGE_STANDARD = gnu11;
				GCC_NO_COMMON_BLOCKS = YES;
				GCC_WARN_64_TO_32_BIT_CONVERSION = YES;
				GCC_WARN_ABOUT_RETURN_TYPE = YES_ERROR;
				GCC_WARN_UNDECLARED_SELECTOR = YES;
				GCC_WARN_UNINITIALIZED_AUTOS = YES_AGGRESSIVE;
				GCC_WARN_UNUSED_FUNCTION = YES;
				GCC_WARN_UNUSED_VARIABLE = YES;
				IPHONEOS_DEPLOYMENT_TARGET = 15.4;
				MTL_ENABLE_DEBUG_INFO = NO;
				MTL_FAST_MATH = YES;
				SDKROOT = iphoneos;
				SWIFT_COMPILATION_MODE = wholemodule;
				SWIFT_OPTIMIZATION_LEVEL = "-O";
				VALIDATE_PRODUCT = YES;
			};
			name = Release;
		};
		EECAB2CC2840DE7600BD5764 /* Debug */ = {
			isa = XCBuildConfiguration;
			buildSettings = {
				ASSETCATALOG_COMPILER_APPICON_NAME = AppIcon;
				ASSETCATALOG_COMPILER_GLOBAL_ACCENT_COLOR_NAME = AccentColor;
				CODE_SIGN_STYLE = Automatic;
				CURRENT_PROJECT_VERSION = 1;
				DEVELOPMENT_ASSET_PATHS = "\"memorize/Preview Content\"";
				DEVELOPMENT_TEAM = R5955V6BN9;
				ENABLE_PREVIEWS = YES;
				GENERATE_INFOPLIST_FILE = YES;
				INFOPLIST_KEY_UIApplicationSceneManifest_Generation = YES;
				INFOPLIST_KEY_UIApplicationSupportsIndirectInputEvents = YES;
				INFOPLIST_KEY_UILaunchScreen_Generation = YES;
				INFOPLIST_KEY_UISupportedInterfaceOrientations_iPad = "UIInterfaceOrientationPortrait UIInterfaceOrientationPortraitUpsideDown UIInterfaceOrientationLandscapeLeft UIInterfaceOrientationLandscapeRight";
				INFOPLIST_KEY_UISupportedInterfaceOrientations_iPhone = "UIInterfaceOrientationPortrait UIInterfaceOrientationLandscapeLeft UIInterfaceOrientationLandscapeRight";
				LD_RUNPATH_SEARCH_PATHS = (
					"$(inherited)",
					"@executable_path/Frameworks",
				);
				MARKETING_VERSION = 1.0;
				PRODUCT_BUNDLE_IDENTIFIER = com.campuscoach.memorize;
				PRODUCT_NAME = "$(TARGET_NAME)";
				SWIFT_EMIT_LOC_STRINGS = YES;
				SWIFT_VERSION = 5.0;
				TARGETED_DEVICE_FAMILY = "1,2";
			};
			name = Debug;
		};
		EECAB2CD2840DE7600BD5764 /* Release */ = {
			isa = XCBuildConfiguration;
			buildSettings = {
				ASSETCATALOG_COMPILER_APPICON_NAME = AppIcon;
				ASSETCATALOG_COMPILER_GLOBAL_ACCENT_COLOR_NAME = AccentColor;
				CODE_SIGN_STYLE = Automatic;
				CURRENT_PROJECT_VERSION = 1;
				DEVELOPMENT_ASSET_PATHS = "\"memorize/Preview Content\"";
				DEVELOPMENT_TEAM = R5955V6BN9;
				ENABLE_PREVIEWS = YES;
				GENERATE_INFOPLIST_FILE = YES;
				INFOPLIST_KEY_UIApplicationSceneManifest_Generation = YES;
				INFOPLIST_KEY_UIApplicationSupportsIndirectInputEvents = YES;
				INFOPLIST_KEY_UILaunchScreen_Generation = YES;
				INFOPLIST_KEY_UISupportedInterfaceOrientations_iPad = "UIInterfaceOrientationPortrait UIInterfaceOrientationPortraitUpsideDown UIInterfaceOrientationLandscapeLeft UIInterfaceOrientationLandscapeRight";
				INFOPLIST_KEY_UISupportedInterfaceOrientations_iPhone = "UIInterfaceOrientationPortrait UIInterfaceOrientationLandscapeLeft UIInterfaceOrientationLandscapeRight";
				LD_RUNPATH_SEARCH_PATHS = (
					"$(inherited)",
					"@executable_path/Frameworks",
				);
				MARKETING_VERSION = 1.0;
				PRODUCT_BUNDLE_IDENTIFIER = com.campuscoach.memorize;
				PRODUCT_NAME = "$(TARGET_NAME)";
				SWIFT_EMIT_LOC_STRINGS = YES;
				SWIFT_VERSION = 5.0;
				TARGETED_DEVICE_FAMILY = "1,2";
			};
			name = Release;
		};
/* End XCBuildConfiguration section */

/* Begin XCConfigurationList section */
		EECAB2B82840DE7500BD5764 /* Build configuration list for PBXProject "memorize" */ = {
			isa = XCConfigurationList;
			buildConfigurations = (
				EECAB2C92840DE7600BD5764 /* Debug */,
				EECAB2CA2840DE7600BD5764 /* Release */,
			);
			defaultConfigurationIsVisible = 0;
			defaultConfigurationName = Release;
		};
		EECAB2CB2840DE7600BD5764 /* Build configuration list for PBXNativeTarget "memorize" */ = {
			isa = XCConfigurationList;
			buildConfigurations = (
				EECAB2CC2840DE7600BD5764 /* Debug */,
				EECAB2CD2840DE7600BD5764 /* Release */,
			);
			defaultConfigurationIsVisible = 0;
			defaultConfigurationName = Release;
		};
/* End XCConfigurationList section */
	};
	rootObject = EECAB2B52840DE7500BD5764 /* Project object */;
}
